{
  "version": 4,
  "terraform_version": "1.8.5",
  "serial": 357,
  "lineage": "9d801019-393e-c51b-1ef6-8b00e8ea7678",
  "outputs": {
    "fqdn-vm-master": {
      "value": "vm-master.ru-central1.internal",
      "type": "string"
    },
    "internal-ip-address-vm-master": {
      "value": "192.168.10.25",
      "type": "string"
    }
  },
  "resources": [
    {
      "mode": "managed",
      "type": "local_file",
      "name": "backend",
      "provider": "provider[\"registry.terraform.io/hashicorp/local\"]",
      "instances": [
        {
          "schema_version": 0,
          "attributes": {
            "content": "endpoint = \"storage.yandexcloud.net\"\nbucket = \"diplom\"\nregion = \"ru-central1-a\"\nkey = \"terraform/terraform.tfstate\"\naccess_key = \"YCAJEHd7QeXnEuSHNa5i0Vb06\"\nsecret_key = \"YCPdc8iYXTlKz4KGHSx3k5vXBMgz7rNKs9aiGyYV\"\nskip_region_validation = true\nskip_credentials_validation = true\n",
            "content_base64": null,
            "content_base64sha256": "ky4m6TM60Q3KB9L6ewvG5uYB3+nPGwSpcUFPd1lXpMc=",
            "content_base64sha512": "UdNAAa+VKn2qOgqZxmhLssep1I3MTjLVqbjdVhi5nESsBuO6sJYD9LLRi1cVrTo8s0xFhontJWhEH1PHiL4DjA==",
            "content_md5": "53aa3bbfe3daa7f638ed7179208c8700",
            "content_sha1": "1b4816017f15dbdc6bd02f7d770ae06098f73317",
            "content_sha256": "932e26e9333ad10dca07d2fa7b0bc6e6e601dfe9cf1b04a971414f775957a4c7",
            "content_sha512": "51d34001af952a7daa3a0a99c6684bb2c7a9d48dcc4e32d5a9b8dd5618b99c44ac06e3bab09603f4b2d18b5715ad3a3cb34c458689ed2568441f53c788be038c",
            "directory_permission": "0777",
            "file_permission": "0777",
            "filename": "./backend.key",
            "id": "1b4816017f15dbdc6bd02f7d770ae06098f73317",
            "sensitive_content": null,
            "source": null
          },
          "sensitive_attributes": [
            [
              {
                "type": "get_attr",
                "value": "content"
              }
            ],
            [
              {
                "type": "get_attr",
                "value": "sensitive_content"
              }
            ]
          ],
          "dependencies": [
            "yandex_iam_service_account.sa",
            "yandex_iam_service_account_static_access_key.sa-static_key",
            "yandex_kms_symmetric_key.key-a",
            "yandex_storage_bucket.diplom"
          ]
        }
      ]
    },
    {
      "mode": "managed",
      "type": "local_file",
      "name": "inventory-kubespray",
      "provider": "provider[\"registry.terraform.io/hashicorp/local\"]",
      "instances": [
        {
          "schema_version": 0,
          "attributes": {
            "content": "all:\n  hosts:\n    vm-master.ru-central1.internal:\n      ansible_host: 192.168.10.25\n      ip: 192.168.10.25\n      access_ip: 192.168.10.25\n    vm-worker-1.ru-central1.internal:\n      ansible_host: 192.168.10.33\n      ip: 192.168.10.33\n      access_ip: 192.168.10.33\n    vm-worker-2.ru-central1.internal:\n      ansible_host: 192.168.20.17\n      ip: 192.168.20.17\n      access_ip: 192.168.20.17\n  children:\n    kube_control_plane:\n      hosts:\n        vm-master.ru-central1.internal:\n    kube_node:\n      hosts:\n        vm-worker-1.ru-central1.internal:\n        vm-worker-2.ru-central1.internal:\n    etcd:\n      hosts:\n        vm-master.ru-central1.internal:\n    k8s_cluster:\n      children:\n        kube_control_plane:\n        kube_node:\n    calico_rr:\n      hosts: {}\n",
            "content_base64": null,
            "content_base64sha256": "5suFdvklT1qn6jBxwQIMJfe1GwaM6pH4IQRyXpBBQL4=",
            "content_base64sha512": "ELJrHxoQPj10j0d/qp3BLW/J2nX+gOlSI6fX0SInfEAshW1EXtxiLPx94p7wkyCkKiU8y1UTsPMNTDCqQ2ow3A==",
            "content_md5": "50d42332d10965ab6c7e14f7bf05d425",
            "content_sha1": "c17102352db9186ce4d033b911b1e348a9badf34",
            "content_sha256": "e6cb8576f9254f5aa7ea3071c1020c25f7b51b068cea91f82104725e904140be",
            "content_sha512": "10b26b1f1a103e3d748f477faa9dc12d6fc9da75fe80e95223a7d7d122277c402c856d445edc622cfc7de29ef09320a42a253ccb5513b0f30d4c30aa436a30dc",
            "directory_permission": "0777",
            "file_permission": "0777",
            "filename": "./ansible/inventory-kubespray",
            "id": "c17102352db9186ce4d033b911b1e348a9badf34",
            "sensitive_content": null,
            "source": null
          },
          "sensitive_attributes": [
            [
              {
                "type": "get_attr",
                "value": "sensitive_content"
              }
            ]
          ],
          "dependencies": [
            "yandex_compute_instance.vm-master",
            "yandex_compute_instance.vm-worker-1",
            "yandex_compute_instance.vm-worker-2",
            "yandex_vpc_network.network-diploma",
            "yandex_vpc_subnet.subnet-a",
            "yandex_vpc_subnet.subnet-b"
          ]
        }
      ]
    },
    {
      "mode": "managed",
      "type": "local_file",
      "name": "inventory-preparation",
      "provider": "provider[\"registry.terraform.io/hashicorp/local\"]",
      "instances": [
        {
          "schema_version": 0,
          "attributes": {
            "content": "[kube-cloud]\n158.160.52.79\n158.160.110.83\n158.160.90.195\n",
            "content_base64": null,
            "content_base64sha256": "TYOcigCvNVwn69S2v09NOTW2qHQX2rmHwzc8CvABQos=",
            "content_base64sha512": "Y0NeBF+tX0AiT0n82JwYXYKVfSNiXRiqIbyUl994kxFcIORAGpA/MP1ufrlsjUdhTVL56BpRlOZtab7A0TMi9g==",
            "content_md5": "eb6061f273ebf27e012fa9d59774a20c",
            "content_sha1": "0bdd98b8ec62103c1fec04a978b0cad539c7062e",
            "content_sha256": "4d839c8a00af355c27ebd4b6bf4f4d3935b6a87417dab987c3373c0af001428b",
            "content_sha512": "63435e045fad5f40224f49fcd89c185d82957d23625d18aa21bc9497df7893115c20e4401a903f30fd6e7eb96c8d47614d52f9e81a5194e66d69bec0d13322f6",
            "directory_permission": "0777",
            "file_permission": "0777",
            "filename": "./ansible/inventory-preparation",
            "id": "0bdd98b8ec62103c1fec04a978b0cad539c7062e",
            "sensitive_content": null,
            "source": null
          },
          "sensitive_attributes": [
            [
              {
                "type": "get_attr",
                "value": "sensitive_content"
              }
            ]
          ],
          "dependencies": [
            "yandex_compute_instance.vm-master",
            "yandex_compute_instance.vm-worker-1",
            "yandex_compute_instance.vm-worker-2",
            "yandex_vpc_network.network-diploma",
            "yandex_vpc_subnet.subnet-a",
            "yandex_vpc_subnet.subnet-b"
          ]
        }
      ]
    },
    {
      "mode": "managed",
      "type": "yandex_compute_instance",
      "name": "vm-master",
      "provider": "provider[\"registry.terraform.io/yandex-cloud/yandex\"]",
      "instances": [
        {
          "schema_version": 1,
          "attributes": {
            "allow_recreate": null,
            "allow_stopping_for_update": null,
            "boot_disk": [
              {
                "auto_delete": true,
                "device_name": "fhm7ru6lhsoncrdq19rt",
                "disk_id": "fhm7ru6lhsoncrdq19rt",
                "initialize_params": [
                  {
                    "block_size": 4096,
                    "description": "",
                    "image_id": "fd80bm0rh4rkepi5ksdi",
                    "name": "",
                    "size": 10,
                    "snapshot_id": "",
                    "type": "network-hdd"
                  }
                ],
                "mode": "READ_WRITE"
              }
            ],
            "created_at": "2024-06-01T16:21:35Z",
            "description": "",
            "filesystem": [],
            "folder_id": "b1gm549jb8foho4i61nr",
            "fqdn": "vm-master.ru-central1.internal",
            "gpu_cluster_id": "",
            "hostname": "vm-master",
            "id": "fhmc2t51a9l2ipiqnfiv",
            "labels": {},
            "local_disk": [],
            "maintenance_grace_period": "",
            "maintenance_policy": null,
            "metadata": {
              "ssh-keys": "ubuntu:ssh-ed25519 AAAAC3NzaC1lZDI1NTE5AAAAIGXWuBE5nYo0tRXOCvJqtNLDMxlGyeZGcGL9iBA6iTME root@vm\n"
            },
            "metadata_options": [
              {
                "aws_v1_http_endpoint": 1,
                "aws_v1_http_token": 2,
                "gce_http_endpoint": 1,
                "gce_http_token": 1
              }
            ],
            "name": "vm-master",
            "network_acceleration_type": "standard",
            "network_interface": [
              {
                "dns_record": [],
                "index": 0,
                "ip_address": "192.168.10.25",
                "ipv4": true,
                "ipv6": false,
                "ipv6_address": "",
                "ipv6_dns_record": [],
                "mac_address": "d0:0d:c1:74:a1:52",
                "nat": true,
                "nat_dns_record": [],
                "nat_ip_address": "158.160.52.79",
                "nat_ip_version": "IPV4",
                "security_group_ids": [],
                "subnet_id": "e9b9urgufodhvue2nrrs"
              }
            ],
            "placement_policy": [
              {
                "host_affinity_rules": [],
                "placement_group_id": "",
                "placement_group_partition": 0
              }
            ],
            "platform_id": "standard-v1",
            "resources": [
              {
                "core_fraction": 100,
                "cores": 2,
                "gpus": 0,
                "memory": 4
              }
            ],
            "scheduling_policy": [
              {
                "preemptible": false
              }
            ],
            "secondary_disk": [],
            "service_account_id": "",
            "status": "running",
            "timeouts": null,
            "zone": "ru-central1-a"
          },
          "sensitive_attributes": [],
          "private": "eyJlMmJmYjczMC1lY2FhLTExZTYtOGY4OC0zNDM2M2JjN2M0YzAiOnsiY3JlYXRlIjozMDAwMDAwMDAwMDAsImRlbGV0ZSI6MzAwMDAwMDAwMDAwLCJ1cGRhdGUiOjMwMDAwMDAwMDAwMH0sInNjaGVtYV92ZXJzaW9uIjoiMSJ9",
          "dependencies": [
            "yandex_vpc_network.network-diploma",
            "yandex_vpc_subnet.subnet-a"
          ]
        }
      ]
    },
    {
      "mode": "managed",
      "type": "yandex_compute_instance",
      "name": "vm-worker-1",
      "provider": "provider[\"registry.terraform.io/yandex-cloud/yandex\"]",
      "instances": [
        {
          "schema_version": 1,
          "attributes": {
            "allow_recreate": null,
            "allow_stopping_for_update": null,
            "boot_disk": [
              {
                "auto_delete": true,
                "device_name": "fhm9bppq50j9f8mg1i88",
                "disk_id": "fhm9bppq50j9f8mg1i88",
                "initialize_params": [
                  {
                    "block_size": 4096,
                    "description": "",
                    "image_id": "fd80bm0rh4rkepi5ksdi",
                    "name": "",
                    "size": 10,
                    "snapshot_id": "",
                    "type": "network-hdd"
                  }
                ],
                "mode": "READ_WRITE"
              }
            ],
            "created_at": "2024-06-01T16:21:35Z",
            "description": "",
            "filesystem": [],
            "folder_id": "b1gm549jb8foho4i61nr",
            "fqdn": "vm-worker-1.ru-central1.internal",
            "gpu_cluster_id": "",
            "hostname": "vm-worker-1",
            "id": "fhmo3aeft6re5fggevph",
            "labels": {},
            "local_disk": [],
            "maintenance_grace_period": "",
            "maintenance_policy": null,
            "metadata": {
              "ssh-keys": "ubuntu:ssh-ed25519 AAAAC3NzaC1lZDI1NTE5AAAAIGXWuBE5nYo0tRXOCvJqtNLDMxlGyeZGcGL9iBA6iTME root@vm\n"
            },
            "metadata_options": [
              {
                "aws_v1_http_endpoint": 1,
                "aws_v1_http_token": 2,
                "gce_http_endpoint": 1,
                "gce_http_token": 1
              }
            ],
            "name": "vm-worker-1",
            "network_acceleration_type": "standard",
            "network_interface": [
              {
                "dns_record": [],
                "index": 0,
                "ip_address": "192.168.10.33",
                "ipv4": true,
                "ipv6": false,
                "ipv6_address": "",
                "ipv6_dns_record": [],
                "mac_address": "d0:0d:18:1a:9c:fe",
                "nat": true,
                "nat_dns_record": [],
                "nat_ip_address": "158.160.110.83",
                "nat_ip_version": "IPV4",
                "security_group_ids": [],
                "subnet_id": "e9b9urgufodhvue2nrrs"
              }
            ],
            "placement_policy": [
              {
                "host_affinity_rules": [],
                "placement_group_id": "",
                "placement_group_partition": 0
              }
            ],
            "platform_id": "standard-v1",
            "resources": [
              {
                "core_fraction": 100,
                "cores": 2,
                "gpus": 0,
                "memory": 2
              }
            ],
            "scheduling_policy": [
              {
                "preemptible": false
              }
            ],
            "secondary_disk": [],
            "service_account_id": "",
            "status": "running",
            "timeouts": null,
            "zone": "ru-central1-a"
          },
          "sensitive_attributes": [],
          "private": "eyJlMmJmYjczMC1lY2FhLTExZTYtOGY4OC0zNDM2M2JjN2M0YzAiOnsiY3JlYXRlIjozMDAwMDAwMDAwMDAsImRlbGV0ZSI6MzAwMDAwMDAwMDAwLCJ1cGRhdGUiOjMwMDAwMDAwMDAwMH0sInNjaGVtYV92ZXJzaW9uIjoiMSJ9",
          "dependencies": [
            "yandex_vpc_network.network-diploma",
            "yandex_vpc_subnet.subnet-a"
          ]
        }
      ]
    },
    {
      "mode": "managed",
      "type": "yandex_compute_instance",
      "name": "vm-worker-2",
      "provider": "provider[\"registry.terraform.io/yandex-cloud/yandex\"]",
      "instances": [
        {
          "schema_version": 1,
          "attributes": {
            "allow_recreate": null,
            "allow_stopping_for_update": null,
            "boot_disk": [
              {
                "auto_delete": true,
                "device_name": "epdr914n8q2r77lub8eq",
                "disk_id": "epdr914n8q2r77lub8eq",
                "initialize_params": [
                  {
                    "block_size": 4096,
                    "description": "",
                    "image_id": "fd80bm0rh4rkepi5ksdi",
                    "name": "",
                    "size": 10,
                    "snapshot_id": "",
                    "type": "network-hdd"
                  }
                ],
                "mode": "READ_WRITE"
              }
            ],
            "created_at": "2024-06-01T16:21:35Z",
            "description": "",
            "filesystem": [],
            "folder_id": "b1gm549jb8foho4i61nr",
            "fqdn": "vm-worker-2.ru-central1.internal",
            "gpu_cluster_id": "",
            "hostname": "vm-worker-2",
            "id": "epdi93igige4eo1pr0th",
            "labels": {},
            "local_disk": [],
            "maintenance_grace_period": "",
            "maintenance_policy": null,
            "metadata": {
              "ssh-keys": "ubuntu:ssh-ed25519 AAAAC3NzaC1lZDI1NTE5AAAAIGXWuBE5nYo0tRXOCvJqtNLDMxlGyeZGcGL9iBA6iTME root@vm\n"
            },
            "metadata_options": [
              {
                "aws_v1_http_endpoint": 1,
                "aws_v1_http_token": 2,
                "gce_http_endpoint": 1,
                "gce_http_token": 1
              }
            ],
            "name": "vm-worker-2",
            "network_acceleration_type": "standard",
            "network_interface": [
              {
                "dns_record": [],
                "index": 0,
                "ip_address": "192.168.20.17",
                "ipv4": true,
                "ipv6": false,
                "ipv6_address": "",
                "ipv6_dns_record": [],
                "mac_address": "d0:0d:12:48:e5:09",
                "nat": true,
                "nat_dns_record": [],
                "nat_ip_address": "158.160.90.195",
                "nat_ip_version": "IPV4",
                "security_group_ids": [],
                "subnet_id": "e2l02k07kvhkaeqhehuq"
              }
            ],
            "placement_policy": [
              {
                "host_affinity_rules": [],
                "placement_group_id": "",
                "placement_group_partition": 0
              }
            ],
            "platform_id": "standard-v1",
            "resources": [
              {
                "core_fraction": 100,
                "cores": 2,
                "gpus": 0,
                "memory": 2
              }
            ],
            "scheduling_policy": [
              {
                "preemptible": false
              }
            ],
            "secondary_disk": [],
            "service_account_id": "",
            "status": "running",
            "timeouts": null,
            "zone": "ru-central1-b"
          },
          "sensitive_attributes": [],
          "private": "eyJlMmJmYjczMC1lY2FhLTExZTYtOGY4OC0zNDM2M2JjN2M0YzAiOnsiY3JlYXRlIjozMDAwMDAwMDAwMDAsImRlbGV0ZSI6MzAwMDAwMDAwMDAwLCJ1cGRhdGUiOjMwMDAwMDAwMDAwMH0sInNjaGVtYV92ZXJzaW9uIjoiMSJ9",
          "dependencies": [
            "yandex_vpc_network.network-diploma",
            "yandex_vpc_subnet.subnet-b"
          ]
        }
      ]
    },
    {
      "mode": "managed",
      "type": "yandex_iam_service_account",
      "name": "sa",
      "provider": "provider[\"registry.terraform.io/yandex-cloud/yandex\"]",
      "instances": [
        {
          "schema_version": 0,
          "attributes": {
            "created_at": "2024-06-01T16:21:32Z",
            "description": "Service account",
            "folder_id": "b1gm549jb8foho4i61nr",
            "id": "ajet1ps4es1r1rft4mt2",
            "name": "sa",
            "timeouts": null
          },
          "sensitive_attributes": [],
          "private": "eyJlMmJmYjczMC1lY2FhLTExZTYtOGY4OC0zNDM2M2JjN2M0YzAiOnsiY3JlYXRlIjo2MDAwMDAwMDAwMCwiZGVsZXRlIjo2MDAwMDAwMDAwMCwidXBkYXRlIjo2MDAwMDAwMDAwMH19"
        }
      ]
    },
    {
      "mode": "managed",
      "type": "yandex_iam_service_account_static_access_key",
      "name": "sa-static_key",
      "provider": "provider[\"registry.terraform.io/yandex-cloud/yandex\"]",
      "instances": [
        {
          "schema_version": 0,
          "attributes": {
            "access_key": "YCAJEHd7QeXnEuSHNa5i0Vb06",
            "created_at": "2024-06-01T16:21:34Z",
            "description": "Static access key for object storage",
            "encrypted_secret_key": null,
            "id": "ajettp2ilu6dbmmj4euq",
            "key_fingerprint": null,
            "pgp_key": null,
            "secret_key": "YCPdc8iYXTlKz4KGHSx3k5vXBMgz7rNKs9aiGyYV",
            "service_account_id": "ajet1ps4es1r1rft4mt2"
          },
          "sensitive_attributes": [
            [
              {
                "type": "get_attr",
                "value": "secret_key"
              }
            ]
          ],
          "private": "bnVsbA==",
          "dependencies": [
            "yandex_iam_service_account.sa"
          ]
        }
      ]
    },
    {
      "mode": "managed",
      "type": "yandex_kms_symmetric_key",
      "name": "key-a",
      "provider": "provider[\"registry.terraform.io/yandex-cloud/yandex\"]",
      "instances": [
        {
          "schema_version": 1,
          "attributes": {
            "created_at": "2024-06-01T16:21:32Z",
            "default_algorithm": "AES_128",
            "deletion_protection": false,
            "description": "Simmetric key",
            "folder_id": "b1gm549jb8foho4i61nr",
            "id": "abjqj9mh5qm4dml32fmk",
            "labels": {},
            "name": "symmetric-key",
            "rotated_at": "",
            "rotation_period": "8760h0m0s",
            "status": "active",
            "timeouts": null
          },
          "sensitive_attributes": [],
          "private": "eyJlMmJmYjczMC1lY2FhLTExZTYtOGY4OC0zNDM2M2JjN2M0YzAiOnsiY3JlYXRlIjo2MDAwMDAwMDAwMCwiZGVsZXRlIjo2MDAwMDAwMDAwMCwicmVhZCI6NjAwMDAwMDAwMDAsInVwZGF0ZSI6NjAwMDAwMDAwMDB9LCJzY2hlbWFfdmVyc2lvbiI6IjEifQ=="
        }
      ]
    },
    {
      "mode": "managed",
      "type": "yandex_resourcemanager_folder_iam_binding",
      "name": "editor",
      "provider": "provider[\"registry.terraform.io/yandex-cloud/yandex\"]",
      "instances": [
        {
          "schema_version": 0,
          "attributes": {
            "folder_id": "b1gm549jb8foho4i61nr",
            "id": "b1gm549jb8foho4i61nr/editor",
            "members": [
              "serviceAccount:ajet1ps4es1r1rft4mt2"
            ],
            "role": "editor",
            "sleep_after": null,
            "timeouts": null
          },
          "sensitive_attributes": [],
          "private": "eyJlMmJmYjczMC1lY2FhLTExZTYtOGY4OC0zNDM2M2JjN2M0YzAiOnsiY3JlYXRlIjo2MDAwMDAwMDAwMCwiZGVmYXVsdCI6NjAwMDAwMDAwMDAsImRlbGV0ZSI6NjAwMDAwMDAwMDAsInJlYWQiOjYwMDAwMDAwMDAwLCJ1cGRhdGUiOjYwMDAwMDAwMDAwfX0=",
          "dependencies": [
            "yandex_iam_service_account.sa"
          ]
        }
      ]
    },
    {
      "mode": "managed",
      "type": "yandex_resourcemanager_folder_iam_binding",
      "name": "encrypterDecrypter",
      "provider": "provider[\"registry.terraform.io/yandex-cloud/yandex\"]",
      "instances": [
        {
          "schema_version": 0,
          "attributes": {
            "folder_id": "b1gm549jb8foho4i61nr",
            "id": "b1gm549jb8foho4i61nr/kms.keys.encrypterDecrypter",
            "members": [
              "serviceAccount:ajet1ps4es1r1rft4mt2"
            ],
            "role": "kms.keys.encrypterDecrypter",
            "sleep_after": null,
            "timeouts": null
          },
          "sensitive_attributes": [],
          "private": "eyJlMmJmYjczMC1lY2FhLTExZTYtOGY4OC0zNDM2M2JjN2M0YzAiOnsiY3JlYXRlIjo2MDAwMDAwMDAwMCwiZGVmYXVsdCI6NjAwMDAwMDAwMDAsImRlbGV0ZSI6NjAwMDAwMDAwMDAsInJlYWQiOjYwMDAwMDAwMDAwLCJ1cGRhdGUiOjYwMDAwMDAwMDAwfX0=",
          "dependencies": [
            "yandex_iam_service_account.sa"
          ]
        }
      ]
    },
    {
      "mode": "managed",
      "type": "yandex_resourcemanager_folder_iam_binding",
      "name": "storage-admin",
      "provider": "provider[\"registry.terraform.io/yandex-cloud/yandex\"]",
      "instances": [
        {
          "schema_version": 0,
          "attributes": {
            "folder_id": "b1gm549jb8foho4i61nr",
            "id": "b1gm549jb8foho4i61nr/storage.admin",
            "members": [
              "serviceAccount:ajet1ps4es1r1rft4mt2"
            ],
            "role": "storage.admin",
            "sleep_after": null,
            "timeouts": null
          },
          "sensitive_attributes": [],
          "private": "eyJlMmJmYjczMC1lY2FhLTExZTYtOGY4OC0zNDM2M2JjN2M0YzAiOnsiY3JlYXRlIjo2MDAwMDAwMDAwMCwiZGVmYXVsdCI6NjAwMDAwMDAwMDAsImRlbGV0ZSI6NjAwMDAwMDAwMDAsInJlYWQiOjYwMDAwMDAwMDAwLCJ1cGRhdGUiOjYwMDAwMDAwMDAwfX0=",
          "dependencies": [
            "yandex_iam_service_account.sa"
          ]
        }
      ]
    },
    {
      "mode": "managed",
      "type": "yandex_storage_bucket",
      "name": "diplom",
      "provider": "provider[\"registry.terraform.io/yandex-cloud/yandex\"]",
      "instances": [
        {
          "schema_version": 1,
          "attributes": {
            "access_key": "YCAJEHd7QeXnEuSHNa5i0Vb06",
            "acl": "public-read",
            "anonymous_access_flags": [
              {
                "config_read": true,
                "list": true,
                "read": true
              }
            ],
            "bucket": "diplom",
            "bucket_domain_name": "diplom.storage.yandexcloud.net",
            "bucket_prefix": null,
            "cors_rule": [],
            "default_storage_class": "STANDARD",
            "folder_id": "b1gm549jb8foho4i61nr",
            "force_destroy": true,
            "grant": [],
            "https": [],
            "id": "diplom",
            "lifecycle_rule": [],
            "logging": [],
            "max_size": 0,
            "object_lock_configuration": [],
            "policy": "",
            "secret_key": "YCPdc8iYXTlKz4KGHSx3k5vXBMgz7rNKs9aiGyYV",
            "server_side_encryption_configuration": [
              {
                "rule": [
                  {
                    "apply_server_side_encryption_by_default": [
                      {
                        "kms_master_key_id": "abjqj9mh5qm4dml32fmk",
                        "sse_algorithm": "aws:kms"
                      }
                    ]
                  }
                ]
              }
            ],
            "tags": {},
            "versioning": [
              {
                "enabled": false
              }
            ],
            "website": [],
            "website_domain": null,
            "website_endpoint": null
          },
          "sensitive_attributes": [
            [
              {
                "type": "get_attr",
                "value": "secret_key"
              }
            ]
          ],
          "private": "eyJzY2hlbWFfdmVyc2lvbiI6IjEifQ==",
          "dependencies": [
            "yandex_iam_service_account.sa",
            "yandex_iam_service_account_static_access_key.sa-static_key",
            "yandex_kms_symmetric_key.key-a"
          ]
        }
      ]
    },
    {
      "mode": "managed",
      "type": "yandex_storage_object",
      "name": "object-2",
      "provider": "provider[\"registry.terraform.io/yandex-cloud/yandex\"]",
      "instances": [
        {
          "schema_version": 0,
          "attributes": {
            "access_key": "YCAJEHd7QeXnEuSHNa5i0Vb06",
            "acl": "private",
            "bucket": "diplom",
            "content": null,
            "content_base64": null,
            "content_type": "application/octet-stream",
            "id": "terraform.tfstate",
            "key": "terraform.tfstate",
            "object_lock_legal_hold_status": null,
            "object_lock_mode": null,
            "object_lock_retain_until_date": null,
            "secret_key": "YCPdc8iYXTlKz4KGHSx3k5vXBMgz7rNKs9aiGyYV",
            "source": "./terraform.tfstate",
            "source_hash": null,
            "tags": {}
          },
          "sensitive_attributes": [
            [
              {
                "type": "get_attr",
                "value": "secret_key"
              }
            ]
          ],
          "private": "bnVsbA==",
          "dependencies": [
            "local_file.backend",
            "yandex_iam_service_account.sa",
            "yandex_iam_service_account_static_access_key.sa-static_key",
            "yandex_kms_symmetric_key.key-a",
            "yandex_storage_bucket.diplom"
          ]
        }
      ]
    },
    {
      "mode": "managed",
      "type": "yandex_vpc_network",
      "name": "network-diploma",
      "provider": "provider[\"registry.terraform.io/yandex-cloud/yandex\"]",
      "instances": [
        {
          "schema_version": 0,
          "attributes": {
            "created_at": "2024-06-01T16:21:32Z",
            "default_security_group_id": "enp8aatuo3bjtepfar4d",
            "description": "",
            "folder_id": "b1gm549jb8foho4i61nr",
            "id": "enpb444jerh7f3b7njrn",
            "labels": {},
            "name": "network-diploma",
            "subnet_ids": [
              "b0ct4i2hkqtca5arc7o8",
              "e2l02k07kvhkaeqhehuq",
              "e9b9urgufodhvue2nrrs"
            ],
            "timeouts": null
          },
          "sensitive_attributes": [],
          "private": "eyJlMmJmYjczMC1lY2FhLTExZTYtOGY4OC0zNDM2M2JjN2M0YzAiOnsiY3JlYXRlIjo2MDAwMDAwMDAwMCwiZGVsZXRlIjo2MDAwMDAwMDAwMCwidXBkYXRlIjo2MDAwMDAwMDAwMH19"
        }
      ]
    },
    {
      "mode": "managed",
      "type": "yandex_vpc_subnet",
      "name": "subnet-a",
      "provider": "provider[\"registry.terraform.io/yandex-cloud/yandex\"]",
      "instances": [
        {
          "schema_version": 0,
          "attributes": {
            "created_at": "2024-06-01T16:21:34Z",
            "description": "",
            "dhcp_options": [],
            "folder_id": "b1gm549jb8foho4i61nr",
            "id": "e9b9urgufodhvue2nrrs",
            "labels": {},
            "name": "subnet-a",
            "network_id": "enpb444jerh7f3b7njrn",
            "route_table_id": "",
            "timeouts": null,
            "v4_cidr_blocks": [
              "192.168.10.0/24"
            ],
            "v6_cidr_blocks": [],
            "zone": "ru-central1-a"
          },
          "sensitive_attributes": [],
          "private": "eyJlMmJmYjczMC1lY2FhLTExZTYtOGY4OC0zNDM2M2JjN2M0YzAiOnsiY3JlYXRlIjoxODAwMDAwMDAwMDAsImRlbGV0ZSI6MTgwMDAwMDAwMDAwLCJ1cGRhdGUiOjE4MDAwMDAwMDAwMH19",
          "dependencies": [
            "yandex_vpc_network.network-diploma"
          ]
        }
      ]
    },
    {
      "mode": "managed",
      "type": "yandex_vpc_subnet",
      "name": "subnet-b",
      "provider": "provider[\"registry.terraform.io/yandex-cloud/yandex\"]",
      "instances": [
        {
          "schema_version": 0,
          "attributes": {
            "created_at": "2024-06-01T16:21:35Z",
            "description": "",
            "dhcp_options": [],
            "folder_id": "b1gm549jb8foho4i61nr",
            "id": "e2l02k07kvhkaeqhehuq",
            "labels": {},
            "name": "subnet-b",
            "network_id": "enpb444jerh7f3b7njrn",
            "route_table_id": "",
            "timeouts": null,
            "v4_cidr_blocks": [
              "192.168.20.0/24"
            ],
            "v6_cidr_blocks": [],
            "zone": "ru-central1-b"
          },
          "sensitive_attributes": [],
          "private": "eyJlMmJmYjczMC1lY2FhLTExZTYtOGY4OC0zNDM2M2JjN2M0YzAiOnsiY3JlYXRlIjoxODAwMDAwMDAwMDAsImRlbGV0ZSI6MTgwMDAwMDAwMDAwLCJ1cGRhdGUiOjE4MDAwMDAwMDAwMH19",
          "dependencies": [
            "yandex_vpc_network.network-diploma"
          ]
        }
      ]
    },
    {
      "mode": "managed",
      "type": "yandex_vpc_subnet",
      "name": "subnet-c",
      "provider": "provider[\"registry.terraform.io/yandex-cloud/yandex\"]",
      "instances": [
        {
          "schema_version": 0,
          "attributes": {
            "created_at": "2024-06-01T16:21:35Z",
            "description": "",
            "dhcp_options": [],
            "folder_id": "b1gm549jb8foho4i61nr",
            "id": "b0ct4i2hkqtca5arc7o8",
            "labels": {},
            "name": "subnet-c",
            "network_id": "enpb444jerh7f3b7njrn",
            "route_table_id": "",
            "timeouts": null,
            "v4_cidr_blocks": [
              "192.168.30.0/24"
            ],
            "v6_cidr_blocks": [],
            "zone": "ru-central1-c"
          },
          "sensitive_attributes": [],
          "private": "eyJlMmJmYjczMC1lY2FhLTExZTYtOGY4OC0zNDM2M2JjN2M0YzAiOnsiY3JlYXRlIjoxODAwMDAwMDAwMDAsImRlbGV0ZSI6MTgwMDAwMDAwMDAwLCJ1cGRhdGUiOjE4MDAwMDAwMDAwMH19",
          "dependencies": [
            "yandex_vpc_network.network-diploma"
          ]
        }
      ]
    }
  ],
  "check_results": null
}
